// !$*UTF8*$!
{
	archiveVersion = 1;
	classes = {
	};
	objectVersion = 50;
	objects = {

/* Begin PBXBuildFile section */
		4658F90A22A60422000F2A1D /* AppDelegate.swift in Sources */ = {isa = PBXBuildFile; fileRef = 4658F90922A60422000F2A1D /* AppDelegate.swift */; };
		4658F90C22A60422000F2A1D /* SceneDelegate.swift in Sources */ = {isa = PBXBuildFile; fileRef = 4658F90B22A60422000F2A1D /* SceneDelegate.swift */; };
		4658F90F22A60422000F2A1D /* WWDC2019Sandbox.xcdatamodeld in Sources */ = {isa = PBXBuildFile; fileRef = 4658F90D22A60422000F2A1D /* WWDC2019Sandbox.xcdatamodeld */; };
		4658F91122A60422000F2A1D /* LandmarkDetail.swift in Sources */ = {isa = PBXBuildFile; fileRef = 4658F91022A60422000F2A1D /* LandmarkDetail.swift */; };
		4658F91322A60424000F2A1D /* Assets.xcassets in Resources */ = {isa = PBXBuildFile; fileRef = 4658F91222A60424000F2A1D /* Assets.xcassets */; };
		4658F91622A60424000F2A1D /* Preview Assets.xcassets in Resources */ = {isa = PBXBuildFile; fileRef = 4658F91522A60424000F2A1D /* Preview Assets.xcassets */; };
		4658F91922A60424000F2A1D /* LaunchScreen.storyboard in Resources */ = {isa = PBXBuildFile; fileRef = 4658F91722A60424000F2A1D /* LaunchScreen.storyboard */; };
		4658F92422A60424000F2A1D /* WWDC2019SandboxTests.swift in Sources */ = {isa = PBXBuildFile; fileRef = 4658F92322A60424000F2A1D /* WWDC2019SandboxTests.swift */; };
		4658F92F22A60424000F2A1D /* WWDC2019SandboxUITests.swift in Sources */ = {isa = PBXBuildFile; fileRef = 4658F92E22A60424000F2A1D /* WWDC2019SandboxUITests.swift */; };
		4658F93D22A60AD2000F2A1D /* CircleImage.swift in Sources */ = {isa = PBXBuildFile; fileRef = 4658F93C22A60AD2000F2A1D /* CircleImage.swift */; };
		4658F93F22A60B41000F2A1D /* MapView.swift in Sources */ = {isa = PBXBuildFile; fileRef = 4658F93E22A60B41000F2A1D /* MapView.swift */; };
		4658F94F22A60D8C000F2A1D /* turtlerock.jpg in Resources */ = {isa = PBXBuildFile; fileRef = 4658F94222A60D8C000F2A1D /* turtlerock.jpg */; };
		4658F95022A60D8C000F2A1D /* silversalmoncreek.jpg in Resources */ = {isa = PBXBuildFile; fileRef = 4658F94322A60D8C000F2A1D /* silversalmoncreek.jpg */; };
		4658F95122A60D8C000F2A1D /* icybay.jpg in Resources */ = {isa = PBXBuildFile; fileRef = 4658F94422A60D8C000F2A1D /* icybay.jpg */; };
		4658F95222A60D8C000F2A1D /* lakemcdonald.jpg in Resources */ = {isa = PBXBuildFile; fileRef = 4658F94522A60D8C000F2A1D /* lakemcdonald.jpg */; };
		4658F95322A60D8C000F2A1D /* hiddenlake.jpg in Resources */ = {isa = PBXBuildFile; fileRef = 4658F94622A60D8C000F2A1D /* hiddenlake.jpg */; };
		4658F95422A60D8C000F2A1D /* twinlake.jpg in Resources */ = {isa = PBXBuildFile; fileRef = 4658F94722A60D8C000F2A1D /* twinlake.jpg */; };
		4658F95522A60D8C000F2A1D /* umbagog.jpg in Resources */ = {isa = PBXBuildFile; fileRef = 4658F94822A60D8C000F2A1D /* umbagog.jpg */; };
		4658F95622A60D8C000F2A1D /* landmarkData.json in Resources */ = {isa = PBXBuildFile; fileRef = 4658F94922A60D8C000F2A1D /* landmarkData.json */; };
		4658F95722A60D8C000F2A1D /* chincoteague.jpg in Resources */ = {isa = PBXBuildFile; fileRef = 4658F94A22A60D8C000F2A1D /* chincoteague.jpg */; };
		4658F95822A60D8C000F2A1D /* yukon_charleyrivers.jpg in Resources */ = {isa = PBXBuildFile; fileRef = 4658F94B22A60D8C000F2A1D /* yukon_charleyrivers.jpg */; };
		4658F95922A60D8C000F2A1D /* stmarylake.jpg in Resources */ = {isa = PBXBuildFile; fileRef = 4658F94C22A60D8C000F2A1D /* stmarylake.jpg */; };
		4658F95A22A60D8C000F2A1D /* chilkoottrail.jpg in Resources */ = {isa = PBXBuildFile; fileRef = 4658F94D22A60D8C000F2A1D /* chilkoottrail.jpg */; };
		4658F95B22A60D8C000F2A1D /* rainbowlake.jpg in Resources */ = {isa = PBXBuildFile; fileRef = 4658F94E22A60D8C000F2A1D /* rainbowlake.jpg */; };
		4658F95E22A60DA4000F2A1D /* Landmark.swift in Sources */ = {isa = PBXBuildFile; fileRef = 4658F95D22A60DA4000F2A1D /* Landmark.swift */; };
		4658F96022A60E99000F2A1D /* Data.swift in Sources */ = {isa = PBXBuildFile; fileRef = 4658F95F22A60E99000F2A1D /* Data.swift */; };
		4658F96222A612A4000F2A1D /* LandmarkRow.swift in Sources */ = {isa = PBXBuildFile; fileRef = 4658F96122A612A4000F2A1D /* LandmarkRow.swift */; };
		4658F96422A6133A000F2A1D /* LandmarkList.swift in Sources */ = {isa = PBXBuildFile; fileRef = 4658F96322A6133A000F2A1D /* LandmarkList.swift */; };
/* End PBXBuildFile section */

/* Begin PBXContainerItemProxy section */
		4658F92022A60424000F2A1D /* PBXContainerItemProxy */ = {
			isa = PBXContainerItemProxy;
			containerPortal = 4658F8FE22A60422000F2A1D /* Project object */;
			proxyType = 1;
			remoteGlobalIDString = 4658F90522A60422000F2A1D;
			remoteInfo = WWDC2019Sandbox;
		};
		4658F92B22A60424000F2A1D /* PBXContainerItemProxy */ = {
			isa = PBXContainerItemProxy;
			containerPortal = 4658F8FE22A60422000F2A1D /* Project object */;
			proxyType = 1;
			remoteGlobalIDString = 4658F90522A60422000F2A1D;
			remoteInfo = WWDC2019Sandbox;
		};
/* End PBXContainerItemProxy section */

/* Begin PBXFileReference section */
		4658F90622A60422000F2A1D /* WWDC2019Sandbox.app */ = {isa = PBXFileReference; explicitFileType = wrapper.application; includeInIndex = 0; path = WWDC2019Sandbox.app; sourceTree = BUILT_PRODUCTS_DIR; };
		4658F90922A60422000F2A1D /* AppDelegate.swift */ = {isa = PBXFileReference; lastKnownFileType = sourcecode.swift; path = AppDelegate.swift; sourceTree = "<group>"; };
		4658F90B22A60422000F2A1D /* SceneDelegate.swift */ = {isa = PBXFileReference; lastKnownFileType = sourcecode.swift; path = SceneDelegate.swift; sourceTree = "<group>"; };
		4658F90E22A60422000F2A1D /* WWDC2019Sandbox.xcdatamodel */ = {isa = PBXFileReference; lastKnownFileType = wrapper.xcdatamodel; path = WWDC2019Sandbox.xcdatamodel; sourceTree = "<group>"; };
		4658F91022A60422000F2A1D /* LandmarkDetail.swift */ = {isa = PBXFileReference; lastKnownFileType = sourcecode.swift; path = LandmarkDetail.swift; sourceTree = "<group>"; };
		4658F91222A60424000F2A1D /* Assets.xcassets */ = {isa = PBXFileReference; lastKnownFileType = folder.assetcatalog; path = Assets.xcassets; sourceTree = "<group>"; };
		4658F91522A60424000F2A1D /* Preview Assets.xcassets */ = {isa = PBXFileReference; lastKnownFileType = folder.assetcatalog; path = "Preview Assets.xcassets"; sourceTree = "<group>"; };
		4658F91822A60424000F2A1D /* Base */ = {isa = PBXFileReference; lastKnownFileType = file.storyboard; name = Base; path = Base.lproj/LaunchScreen.storyboard; sourceTree = "<group>"; };
		4658F91A22A60424000F2A1D /* Info.plist */ = {isa = PBXFileReference; lastKnownFileType = text.plist.xml; path = Info.plist; sourceTree = "<group>"; };
		4658F91F22A60424000F2A1D /* WWDC2019SandboxTests.xctest */ = {isa = PBXFileReference; explicitFileType = wrapper.cfbundle; includeInIndex = 0; path = WWDC2019SandboxTests.xctest; sourceTree = BUILT_PRODUCTS_DIR; };
		4658F92322A60424000F2A1D /* WWDC2019SandboxTests.swift */ = {isa = PBXFileReference; lastKnownFileType = sourcecode.swift; path = WWDC2019SandboxTests.swift; sourceTree = "<group>"; };
		4658F92522A60424000F2A1D /* Info.plist */ = {isa = PBXFileReference; lastKnownFileType = text.plist.xml; path = Info.plist; sourceTree = "<group>"; };
		4658F92A22A60424000F2A1D /* WWDC2019SandboxUITests.xctest */ = {isa = PBXFileReference; explicitFileType = wrapper.cfbundle; includeInIndex = 0; path = WWDC2019SandboxUITests.xctest; sourceTree = BUILT_PRODUCTS_DIR; };
		4658F92E22A60424000F2A1D /* WWDC2019SandboxUITests.swift */ = {isa = PBXFileReference; lastKnownFileType = sourcecode.swift; path = WWDC2019SandboxUITests.swift; sourceTree = "<group>"; };
		4658F93022A60424000F2A1D /* Info.plist */ = {isa = PBXFileReference; lastKnownFileType = text.plist.xml; path = Info.plist; sourceTree = "<group>"; };
		4658F93C22A60AD2000F2A1D /* CircleImage.swift */ = {isa = PBXFileReference; lastKnownFileType = sourcecode.swift; path = CircleImage.swift; sourceTree = "<group>"; };
		4658F93E22A60B41000F2A1D /* MapView.swift */ = {isa = PBXFileReference; lastKnownFileType = sourcecode.swift; path = MapView.swift; sourceTree = "<group>"; };
		4658F94222A60D8C000F2A1D /* turtlerock.jpg */ = {isa = PBXFileReference; lastKnownFileType = image.jpeg; path = turtlerock.jpg; sourceTree = "<group>"; };
		4658F94322A60D8C000F2A1D /* silversalmoncreek.jpg */ = {isa = PBXFileReference; lastKnownFileType = image.jpeg; path = silversalmoncreek.jpg; sourceTree = "<group>"; };
		4658F94422A60D8C000F2A1D /* icybay.jpg */ = {isa = PBXFileReference; lastKnownFileType = image.jpeg; path = icybay.jpg; sourceTree = "<group>"; };
		4658F94522A60D8C000F2A1D /* lakemcdonald.jpg */ = {isa = PBXFileReference; lastKnownFileType = image.jpeg; path = lakemcdonald.jpg; sourceTree = "<group>"; };
		4658F94622A60D8C000F2A1D /* hiddenlake.jpg */ = {isa = PBXFileReference; lastKnownFileType = image.jpeg; path = hiddenlake.jpg; sourceTree = "<group>"; };
		4658F94722A60D8C000F2A1D /* twinlake.jpg */ = {isa = PBXFileReference; lastKnownFileType = image.jpeg; path = twinlake.jpg; sourceTree = "<group>"; };
		4658F94822A60D8C000F2A1D /* umbagog.jpg */ = {isa = PBXFileReference; lastKnownFileType = image.jpeg; path = umbagog.jpg; sourceTree = "<group>"; };
		4658F94922A60D8C000F2A1D /* landmarkData.json */ = {isa = PBXFileReference; fileEncoding = 4; lastKnownFileType = text.json; path = landmarkData.json; sourceTree = "<group>"; };
		4658F94A22A60D8C000F2A1D /* chincoteague.jpg */ = {isa = PBXFileReference; lastKnownFileType = image.jpeg; path = chincoteague.jpg; sourceTree = "<group>"; };
		4658F94B22A60D8C000F2A1D /* yukon_charleyrivers.jpg */ = {isa = PBXFileReference; lastKnownFileType = image.jpeg; path = yukon_charleyrivers.jpg; sourceTree = "<group>"; };
		4658F94C22A60D8C000F2A1D /* stmarylake.jpg */ = {isa = PBXFileReference; lastKnownFileType = image.jpeg; path = stmarylake.jpg; sourceTree = "<group>"; };
		4658F94D22A60D8C000F2A1D /* chilkoottrail.jpg */ = {isa = PBXFileReference; lastKnownFileType = image.jpeg; path = chilkoottrail.jpg; sourceTree = "<group>"; };
		4658F94E22A60D8C000F2A1D /* rainbowlake.jpg */ = {isa = PBXFileReference; lastKnownFileType = image.jpeg; path = rainbowlake.jpg; sourceTree = "<group>"; };
		4658F95D22A60DA4000F2A1D /* Landmark.swift */ = {isa = PBXFileReference; lastKnownFileType = sourcecode.swift; path = Landmark.swift; sourceTree = "<group>"; };
		4658F95F22A60E99000F2A1D /* Data.swift */ = {isa = PBXFileReference; lastKnownFileType = sourcecode.swift; path = Data.swift; sourceTree = "<group>"; };
		4658F96122A612A4000F2A1D /* LandmarkRow.swift */ = {isa = PBXFileReference; lastKnownFileType = sourcecode.swift; path = LandmarkRow.swift; sourceTree = "<group>"; };
		4658F96322A6133A000F2A1D /* LandmarkList.swift */ = {isa = PBXFileReference; lastKnownFileType = sourcecode.swift; path = LandmarkList.swift; sourceTree = "<group>"; };
/* End PBXFileReference section */

/* Begin PBXFrameworksBuildPhase section */
		4658F90322A60422000F2A1D /* Frameworks */ = {
			isa = PBXFrameworksBuildPhase;
			buildActionMask = 2147483647;
			files = (
			);
			runOnlyForDeploymentPostprocessing = 0;
		};
		4658F91C22A60424000F2A1D /* Frameworks */ = {
			isa = PBXFrameworksBuildPhase;
			buildActionMask = 2147483647;
			files = (
			);
			runOnlyForDeploymentPostprocessing = 0;
		};
		4658F92722A60424000F2A1D /* Frameworks */ = {
			isa = PBXFrameworksBuildPhase;
			buildActionMask = 2147483647;
			files = (
			);
			runOnlyForDeploymentPostprocessing = 0;
		};
/* End PBXFrameworksBuildPhase section */

/* Begin PBXGroup section */
		4658F8FD22A60422000F2A1D = {
			isa = PBXGroup;
			children = (
				4658F90822A60422000F2A1D /* WWDC2019Sandbox */,
				4658F92222A60424000F2A1D /* WWDC2019SandboxTests */,
				4658F92D22A60424000F2A1D /* WWDC2019SandboxUITests */,
				4658F90722A60422000F2A1D /* Products */,
			);
			sourceTree = "<group>";
		};
		4658F90722A60422000F2A1D /* Products */ = {
			isa = PBXGroup;
			children = (
				4658F90622A60422000F2A1D /* WWDC2019Sandbox.app */,
				4658F91F22A60424000F2A1D /* WWDC2019SandboxTests.xctest */,
				4658F92A22A60424000F2A1D /* WWDC2019SandboxUITests.xctest */,
			);
			name = Products;
			sourceTree = "<group>";
		};
		4658F90822A60422000F2A1D /* WWDC2019Sandbox */ = {
			isa = PBXGroup;
			children = (
				4658F95C22A60D96000F2A1D /* Models */,
				4658F94122A60D8C000F2A1D /* Resources */,
				4658F94022A60D66000F2A1D /* Supporting Views */,
				4658F90922A60422000F2A1D /* AppDelegate.swift */,
				4658F90B22A60422000F2A1D /* SceneDelegate.swift */,
				4658F96322A6133A000F2A1D /* LandmarkList.swift */,
				4658F91022A60422000F2A1D /* LandmarkDetail.swift */,
				4658F91222A60424000F2A1D /* Assets.xcassets */,
				4658F91722A60424000F2A1D /* LaunchScreen.storyboard */,
				4658F91A22A60424000F2A1D /* Info.plist */,
				4658F90D22A60422000F2A1D /* WWDC2019Sandbox.xcdatamodeld */,
				4658F91422A60424000F2A1D /* Preview Content */,
			);
			path = WWDC2019Sandbox;
			sourceTree = "<group>";
		};
		4658F91422A60424000F2A1D /* Preview Content */ = {
			isa = PBXGroup;
			children = (
				4658F91522A60424000F2A1D /* Preview Assets.xcassets */,
			);
			path = "Preview Content";
			sourceTree = "<group>";
		};
		4658F92222A60424000F2A1D /* WWDC2019SandboxTests */ = {
			isa = PBXGroup;
			children = (
				4658F92322A60424000F2A1D /* WWDC2019SandboxTests.swift */,
				4658F92522A60424000F2A1D /* Info.plist */,
			);
			path = WWDC2019SandboxTests;
			sourceTree = "<group>";
		};
		4658F92D22A60424000F2A1D /* WWDC2019SandboxUITests */ = {
			isa = PBXGroup;
			children = (
				4658F92E22A60424000F2A1D /* WWDC2019SandboxUITests.swift */,
				4658F93022A60424000F2A1D /* Info.plist */,
			);
			path = WWDC2019SandboxUITests;
			sourceTree = "<group>";
		};
		4658F94022A60D66000F2A1D /* Supporting Views */ = {
			isa = PBXGroup;
			children = (
				4658F93C22A60AD2000F2A1D /* CircleImage.swift */,
				4658F93E22A60B41000F2A1D /* MapView.swift */,
				4658F96122A612A4000F2A1D /* LandmarkRow.swift */,
			);
			path = "Supporting Views";
			sourceTree = "<group>";
		};
		4658F94122A60D8C000F2A1D /* Resources */ = {
			isa = PBXGroup;
			children = (
				4658F94222A60D8C000F2A1D /* turtlerock.jpg */,
				4658F94322A60D8C000F2A1D /* silversalmoncreek.jpg */,
				4658F94422A60D8C000F2A1D /* icybay.jpg */,
				4658F94522A60D8C000F2A1D /* lakemcdonald.jpg */,
				4658F94622A60D8C000F2A1D /* hiddenlake.jpg */,
				4658F94722A60D8C000F2A1D /* twinlake.jpg */,
				4658F94822A60D8C000F2A1D /* umbagog.jpg */,
				4658F94922A60D8C000F2A1D /* landmarkData.json */,
				4658F94A22A60D8C000F2A1D /* chincoteague.jpg */,
				4658F94B22A60D8C000F2A1D /* yukon_charleyrivers.jpg */,
				4658F94C22A60D8C000F2A1D /* stmarylake.jpg */,
				4658F94D22A60D8C000F2A1D /* chilkoottrail.jpg */,
				4658F94E22A60D8C000F2A1D /* rainbowlake.jpg */,
			);
			path = Resources;
			sourceTree = "<group>";
		};
		4658F95C22A60D96000F2A1D /* Models */ = {
			isa = PBXGroup;
			children = (
				4658F95D22A60DA4000F2A1D /* Landmark.swift */,
				4658F95F22A60E99000F2A1D /* Data.swift */,
			);
			path = Models;
			sourceTree = "<group>";
		};
/* End PBXGroup section */

/* Begin PBXNativeTarget section */
		4658F90522A60422000F2A1D /* WWDC2019Sandbox */ = {
			isa = PBXNativeTarget;
			buildConfigurationList = 4658F93322A60424000F2A1D /* Build configuration list for PBXNativeTarget "WWDC2019Sandbox" */;
			buildPhases = (
				4658F90222A60422000F2A1D /* Sources */,
				4658F90322A60422000F2A1D /* Frameworks */,
				4658F90422A60422000F2A1D /* Resources */,
			);
			buildRules = (
			);
			dependencies = (
			);
			name = WWDC2019Sandbox;
			productName = WWDC2019Sandbox;
			productReference = 4658F90622A60422000F2A1D /* WWDC2019Sandbox.app */;
			productType = "com.apple.product-type.application";
		};
		4658F91E22A60424000F2A1D /* WWDC2019SandboxTests */ = {
			isa = PBXNativeTarget;
			buildConfigurationList = 4658F93622A60424000F2A1D /* Build configuration list for PBXNativeTarget "WWDC2019SandboxTests" */;
			buildPhases = (
				4658F91B22A60424000F2A1D /* Sources */,
				4658F91C22A60424000F2A1D /* Frameworks */,
				4658F91D22A60424000F2A1D /* Resources */,
			);
			buildRules = (
			);
			dependencies = (
				4658F92122A60424000F2A1D /* PBXTargetDependency */,
			);
			name = WWDC2019SandboxTests;
			productName = WWDC2019SandboxTests;
			productReference = 4658F91F22A60424000F2A1D /* WWDC2019SandboxTests.xctest */;
			productType = "com.apple.product-type.bundle.unit-test";
		};
		4658F92922A60424000F2A1D /* WWDC2019SandboxUITests */ = {
			isa = PBXNativeTarget;
			buildConfigurationList = 4658F93922A60424000F2A1D /* Build configuration list for PBXNativeTarget "WWDC2019SandboxUITests" */;
			buildPhases = (
				4658F92622A60424000F2A1D /* Sources */,
				4658F92722A60424000F2A1D /* Frameworks */,
				4658F92822A60424000F2A1D /* Resources */,
			);
			buildRules = (
			);
			dependencies = (
				4658F92C22A60424000F2A1D /* PBXTargetDependency */,
			);
			name = WWDC2019SandboxUITests;
			productName = WWDC2019SandboxUITests;
			productReference = 4658F92A22A60424000F2A1D /* WWDC2019SandboxUITests.xctest */;
			productType = "com.apple.product-type.bundle.ui-testing";
		};
/* End PBXNativeTarget section */

/* Begin PBXProject section */
		4658F8FE22A60422000F2A1D /* Project object */ = {
			isa = PBXProject;
			attributes = {
				LastSwiftUpdateCheck = 1100;
				LastUpgradeCheck = 1100;
				ORGANIZATIONNAME = touyou;
				TargetAttributes = {
					4658F90522A60422000F2A1D = {
						CreatedOnToolsVersion = 11.0;
					};
					4658F91E22A60424000F2A1D = {
						CreatedOnToolsVersion = 11.0;
						TestTargetID = 4658F90522A60422000F2A1D;
					};
					4658F92922A60424000F2A1D = {
						CreatedOnToolsVersion = 11.0;
						TestTargetID = 4658F90522A60422000F2A1D;
					};
				};
			};
			buildConfigurationList = 4658F90122A60422000F2A1D /* Build configuration list for PBXProject "WWDC2019Sandbox" */;
			compatibilityVersion = "Xcode 9.3";
			developmentRegion = en;
			hasScannedForEncodings = 0;
			knownRegions = (
				en,
				Base,
			);
			mainGroup = 4658F8FD22A60422000F2A1D;
			productRefGroup = 4658F90722A60422000F2A1D /* Products */;
			projectDirPath = "";
			projectRoot = "";
			targets = (
				4658F90522A60422000F2A1D /* WWDC2019Sandbox */,
				4658F91E22A60424000F2A1D /* WWDC2019SandboxTests */,
				4658F92922A60424000F2A1D /* WWDC2019SandboxUITests */,
			);
		};
/* End PBXProject section */

/* Begin PBXResourcesBuildPhase section */
		4658F90422A60422000F2A1D /* Resources */ = {
			isa = PBXResourcesBuildPhase;
			buildActionMask = 2147483647;
			files = (
				4658F95222A60D8C000F2A1D /* lakemcdonald.jpg in Resources */,
				4658F95022A60D8C000F2A1D /* silversalmoncreek.jpg in Resources */,
				4658F95622A60D8C000F2A1D /* landmarkData.json in Resources */,
				4658F94F22A60D8C000F2A1D /* turtlerock.jpg in Resources */,
				4658F91922A60424000F2A1D /* LaunchScreen.storyboard in Resources */,
				4658F95522A60D8C000F2A1D /* umbagog.jpg in Resources */,
				4658F95922A60D8C000F2A1D /* stmarylake.jpg in Resources */,
				4658F95722A60D8C000F2A1D /* chincoteague.jpg in Resources */,
				4658F91622A60424000F2A1D /* Preview Assets.xcassets in Resources */,
				4658F95122A60D8C000F2A1D /* icybay.jpg in Resources */,
				4658F95422A60D8C000F2A1D /* twinlake.jpg in Resources */,
				4658F95322A60D8C000F2A1D /* hiddenlake.jpg in Resources */,
				4658F91322A60424000F2A1D /* Assets.xcassets in Resources */,
				4658F95B22A60D8C000F2A1D /* rainbowlake.jpg in Resources */,
				4658F95A22A60D8C000F2A1D /* chilkoottrail.jpg in Resources */,
				4658F95822A60D8C000F2A1D /* yukon_charleyrivers.jpg in Resources */,
			);
			runOnlyForDeploymentPostprocessing = 0;
		};
		4658F91D22A60424000F2A1D /* Resources */ = {
			isa = PBXResourcesBuildPhase;
			buildActionMask = 2147483647;
			files = (
			);
			runOnlyForDeploymentPostprocessing = 0;
		};
		4658F92822A60424000F2A1D /* Resources */ = {
			isa = PBXResourcesBuildPhase;
			buildActionMask = 2147483647;
			files = (
			);
			runOnlyForDeploymentPostprocessing = 0;
		};
/* End PBXResourcesBuildPhase section */

/* Begin PBXSourcesBuildPhase section */
		4658F90222A60422000F2A1D /* Sources */ = {
			isa = PBXSourcesBuildPhase;
			buildActionMask = 2147483647;
			files = (
				4658F95E22A60DA4000F2A1D /* Landmark.swift in Sources */,
				4658F90F22A60422000F2A1D /* WWDC2019Sandbox.xcdatamodeld in Sources */,
				4658F93F22A60B41000F2A1D /* MapView.swift in Sources */,
				4658F90A22A60422000F2A1D /* AppDelegate.swift in Sources */,
				4658F91122A60422000F2A1D /* LandmarkDetail.swift in Sources */,
				4658F90C22A60422000F2A1D /* SceneDelegate.swift in Sources */,
				4658F93D22A60AD2000F2A1D /* CircleImage.swift in Sources */,
				4658F96022A60E99000F2A1D /* Data.swift in Sources */,
				4658F96222A612A4000F2A1D /* LandmarkRow.swift in Sources */,
				4658F96422A6133A000F2A1D /* LandmarkList.swift in Sources */,
			);
			runOnlyForDeploymentPostprocessing = 0;
		};
		4658F91B22A60424000F2A1D /* Sources */ = {
			isa = PBXSourcesBuildPhase;
			buildActionMask = 2147483647;
			files = (
				4658F92422A60424000F2A1D /* WWDC2019SandboxTests.swift in Sources */,
			);
			runOnlyForDeploymentPostprocessing = 0;
		};
		4658F92622A60424000F2A1D /* Sources */ = {
			isa = PBXSourcesBuildPhase;
			buildActionMask = 2147483647;
			files = (
				4658F92F22A60424000F2A1D /* WWDC2019SandboxUITests.swift in Sources */,
			);
			runOnlyForDeploymentPostprocessing = 0;
		};
/* End PBXSourcesBuildPhase section */

/* Begin PBXTargetDependency section */
		4658F92122A60424000F2A1D /* PBXTargetDependency */ = {
			isa = PBXTargetDependency;
			target = 4658F90522A60422000F2A1D /* WWDC2019Sandbox */;
			targetProxy = 4658F92022A60424000F2A1D /* PBXContainerItemProxy */;
		};
		4658F92C22A60424000F2A1D /* PBXTargetDependency */ = {
			isa = PBXTargetDependency;
			target = 4658F90522A60422000F2A1D /* WWDC2019Sandbox */;
			targetProxy = 4658F92B22A60424000F2A1D /* PBXContainerItemProxy */;
		};
/* End PBXTargetDependency section */

/* Begin PBXVariantGroup section */
		4658F91722A60424000F2A1D /* LaunchScreen.storyboard */ = {
			isa = PBXVariantGroup;
			children = (
				4658F91822A60424000F2A1D /* Base */,
			);
			name = LaunchScreen.storyboard;
			sourceTree = "<group>";
		};
/* End PBXVariantGroup section */

/* Begin XCBuildConfiguration section */
		4658F93122A60424000F2A1D /* Debug */ = {
			isa = XCBuildConfiguration;
			buildSettings = {
				ALWAYS_SEARCH_USER_PATHS = NO;
				CLANG_ANALYZER_NONNULL = YES;
				CLANG_ANALYZER_NUMBER_OBJECT_CONVERSION = YES_AGGRESSIVE;
				CLANG_CXX_LANGUAGE_STANDARD = "gnu++14";
				CLANG_CXX_LIBRARY = "libc++";
				CLANG_ENABLE_MODULES = YES;
				CLANG_ENABLE_OBJC_ARC = YES;
				CLANG_ENABLE_OBJC_WEAK = YES;
				CLANG_WARN_BLOCK_CAPTURE_AUTORELEASING = YES;
				CLANG_WARN_BOOL_CONVERSION = YES;
				CLANG_WARN_COMMA = YES;
				CLANG_WARN_CONSTANT_CONVERSION = YES;
				CLANG_WARN_DEPRECATED_OBJC_IMPLEMENTATIONS = YES;
				CLANG_WARN_DIRECT_OBJC_ISA_USAGE = YES_ERROR;
				CLANG_WARN_DOCUMENTATION_COMMENTS = YES;
				CLANG_WARN_EMPTY_BODY = YES;
				CLANG_WARN_ENUM_CONVERSION = YES;
				CLANG_WARN_INFINITE_RECURSION = YES;
				CLANG_WARN_INT_CONVERSION = YES;
				CLANG_WARN_NON_LITERAL_NULL_CONVERSION = YES;
				CLANG_WARN_OBJC_IMPLICIT_RETAIN_SELF = YES;
				CLANG_WARN_OBJC_LITERAL_CONVERSION = YES;
				CLANG_WARN_OBJC_ROOT_CLASS = YES_ERROR;
				CLANG_WARN_RANGE_LOOP_ANALYSIS = YES;
				CLANG_WARN_STRICT_PROTOTYPES = YES;
				CLANG_WARN_SUSPICIOUS_MOVE = YES;
				CLANG_WARN_UNGUARDED_AVAILABILITY = YES_AGGRESSIVE;
				CLANG_WARN_UNREACHABLE_CODE = YES;
				CLANG_WARN__DUPLICATE_METHOD_MATCH = YES;
				COPY_PHASE_STRIP = NO;
				DEBUG_INFORMATION_FORMAT = dwarf;
				ENABLE_STRICT_OBJC_MSGSEND = YES;
				ENABLE_TESTABILITY = YES;
				GCC_C_LANGUAGE_STANDARD = gnu11;
				GCC_DYNAMIC_NO_PIC = NO;
				GCC_NO_COMMON_BLOCKS = YES;
				GCC_OPTIMIZATION_LEVEL = 0;
				GCC_PREPROCESSOR_DEFINITIONS = (
					"DEBUG=1",
					"$(inherited)",
				);
				GCC_WARN_64_TO_32_BIT_CONVERSION = YES;
				GCC_WARN_ABOUT_RETURN_TYPE = YES_ERROR;
				GCC_WARN_UNDECLARED_SELECTOR = YES;
				GCC_WARN_UNINITIALIZED_AUTOS = YES_AGGRESSIVE;
				GCC_WARN_UNUSED_FUNCTION = YES;
				GCC_WARN_UNUSED_VARIABLE = YES;
				IPHONEOS_DEPLOYMENT_TARGET = 13.0;
				MTL_ENABLE_DEBUG_INFO = INCLUDE_SOURCE;
				MTL_FAST_MATH = YES;
				ONLY_ACTIVE_ARCH = YES;
				SDKROOT = iphoneos;
				SWIFT_ACTIVE_COMPILATION_CONDITIONS = DEBUG;
				SWIFT_OPTIMIZATION_LEVEL = "-Onone";
			};
			name = Debug;
		};
		4658F93222A60424000F2A1D /* Release */ = {
			isa = XCBuildConfiguration;
			buildSettings = {
				ALWAYS_SEARCH_USER_PATHS = NO;
				CLANG_ANALYZER_NONNULL = YES;
				CLANG_ANALYZER_NUMBER_OBJECT_CONVERSION = YES_AGGRESSIVE;
				CLANG_CXX_LANGUAGE_STANDARD = "gnu++14";
				CLANG_CXX_LIBRARY = "libc++";
				CLANG_ENABLE_MODULES = YES;
				CLANG_ENABLE_OBJC_ARC = YES;
				CLANG_ENABLE_OBJC_WEAK = YES;
				CLANG_WARN_BLOCK_CAPTURE_AUTORELEASING = YES;
				CLANG_WARN_BOOL_CONVERSION = YES;
				CLANG_WARN_COMMA = YES;
				CLANG_WARN_CONSTANT_CONVERSION = YES;
				CLANG_WARN_DEPRECATED_OBJC_IMPLEMENTATIONS = YES;
				CLANG_WARN_DIRECT_OBJC_ISA_USAGE = YES_ERROR;
				CLANG_WARN_DOCUMENTATION_COMMENTS = YES;
				CLANG_WARN_EMPTY_BODY = YES;
				CLANG_WARN_ENUM_CONVERSION = YES;
				CLANG_WARN_INFINITE_RECURSION = YES;
				CLANG_WARN_INT_CONVERSION = YES;
				CLANG_WARN_NON_LITERAL_NULL_CONVERSION = YES;
				CLANG_WARN_OBJC_IMPLICIT_RETAIN_SELF = YES;
				CLANG_WARN_OBJC_LITERAL_CONVERSION = YES;
				CLANG_WARN_OBJC_ROOT_CLASS = YES_ERROR;
				CLANG_WARN_RANGE_LOOP_ANALYSIS = YES;
				CLANG_WARN_STRICT_PROTOTYPES = YES;
				CLANG_WARN_SUSPICIOUS_MOVE = YES;
				CLANG_WARN_UNGUARDED_AVAILABILITY = YES_AGGRESSIVE;
				CLANG_WARN_UNREACHABLE_CODE = YES;
				CLANG_WARN__DUPLICATE_METHOD_MATCH = YES;
				COPY_PHASE_STRIP = NO;
				DEBUG_INFORMATION_FORMAT = "dwarf-with-dsym";
				ENABLE_NS_ASSERTIONS = NO;
				ENABLE_STRICT_OBJC_MSGSEND = YES;
				GCC_C_LANGUAGE_STANDARD = gnu11;
				GCC_NO_COMMON_BLOCKS = YES;
				GCC_WARN_64_TO_32_BIT_CONVERSION = YES;
				GCC_WARN_ABOUT_RETURN_TYPE = YES_ERROR;
				GCC_WARN_UNDECLARED_SELECTOR = YES;
				GCC_WARN_UNINITIALIZED_AUTOS = YES_AGGRESSIVE;
				GCC_WARN_UNUSED_FUNCTION = YES;
				GCC_WARN_UNUSED_VARIABLE = YES;
				IPHONEOS_DEPLOYMENT_TARGET = 13.0;
				MTL_ENABLE_DEBUG_INFO = NO;
				MTL_FAST_MATH = YES;
				SDKROOT = iphoneos;
				SWIFT_COMPILATION_MODE = wholemodule;
				SWIFT_OPTIMIZATION_LEVEL = "-O";
				VALIDATE_PRODUCT = YES;
			};
			name = Release;
		};
		4658F93422A60424000F2A1D /* Debug */ = {
			isa = XCBuildConfiguration;
			buildSettings = {
				ASSETCATALOG_COMPILER_APPICON_NAME = AppIcon;
				CODE_SIGN_STYLE = Automatic;
				DEVELOPMENT_ASSET_PATHS = "WWDC2019Sandbox/Preview\\ Content";
				DEVELOPMENT_TEAM = B4S4333JDW;
				ENABLE_PREVIEWS = YES;
				INFOPLIST_FILE = WWDC2019Sandbox/Info.plist;
				LD_RUNPATH_SEARCH_PATHS = (
					"$(inherited)",
					"@executable_path/Frameworks",
				);
				PRODUCT_BUNDLE_IDENTIFIER = dev.touyou.WWDC2019Sandbox;
				PRODUCT_NAME = "$(TARGET_NAME)";
				SWIFT_VERSION = 5.0;
				TARGETED_DEVICE_FAMILY = "1,2";
			};
			name = Debug;
		};
		4658F93522A60424000F2A1D /* Release */ = {
			isa = XCBuildConfiguration;
			buildSettings = {
				ASSETCATALOG_COMPILER_APPICON_NAME = AppIcon;
				CODE_SIGN_STYLE = Automatic;
				DEVELOPMENT_ASSET_PATHS = "WWDC2019Sandbox/Preview\\ Content";
				DEVELOPMENT_TEAM = B4S4333JDW;
				ENABLE_PREVIEWS = YES;
				INFOPLIST_FILE = WWDC2019Sandbox/Info.plist;
				LD_RUNPATH_SEARCH_PATHS = (
					"$(inherited)",
					"@executable_path/Frameworks",
				);
				PRODUCT_BUNDLE_IDENTIFIER = dev.touyou.WWDC2019Sandbox;
				PRODUCT_NAME = "$(TARGET_NAME)";
				SWIFT_VERSION = 5.0;
				TARGETED_DEVICE_FAMILY = "1,2";
			};
			name = Release;
		};
		4658F93722A60424000F2A1D /* Debug */ = {
			isa = XCBuildConfiguration;
			buildSettings = {
				ALWAYS_EMBED_SWIFT_STANDARD_LIBRARIES = YES;
				BUNDLE_LOADER = "$(TEST_HOST)";
				CODE_SIGN_STYLE = Automatic;
				DEVELOPMENT_TEAM = B4S4333JDW;
				INFOPLIST_FILE = WWDC2019SandboxTests/Info.plist;
				LD_RUNPATH_SEARCH_PATHS = (
					"$(inherited)",
					"@executable_path/Frameworks",
					"@loader_path/Frameworks",
				);
				PRODUCT_BUNDLE_IDENTIFIER = dev.touyou.WWDC2019SandboxTests;
				PRODUCT_NAME = "$(TARGET_NAME)";
				SWIFT_VERSION = 5.0;
				TARGETED_DEVICE_FAMILY = "1,2";
				TEST_HOST = "$(BUILT_PRODUCTS_DIR)/WWDC2019Sandbox.app/WWDC2019Sandbox";
			};
			name = Debug;
		};
		4658F93822A60424000F2A1D /* Release */ = {
			isa = XCBuildConfiguration;
			buildSettings = {
				ALWAYS_EMBED_SWIFT_STANDARD_LIBRARIES = YES;
				BUNDLE_LOADER = "$(TEST_HOST)";
				CODE_SIGN_STYLE = Automatic;
				DEVELOPMENT_TEAM = B4S4333JDW;
				INFOPLIST_FILE = WWDC2019SandboxTests/Info.plist;
				LD_RUNPATH_SEARCH_PATHS = (
					"$(inherited)",
					"@executable_path/Frameworks",
					"@loader_path/Frameworks",
				);
				PRODUCT_BUNDLE_IDENTIFIER = dev.touyou.WWDC2019SandboxTests;
				PRODUCT_NAME = "$(TARGET_NAME)";
				SWIFT_VERSION = 5.0;
				TARGETED_DEVICE_FAMILY = "1,2";
				TEST_HOST = "$(BUILT_PRODUCTS_DIR)/WWDC2019Sandbox.app/WWDC2019Sandbox";
			};
			name = Release;
		};
		4658F93A22A60424000F2A1D /* Debug */ = {
			isa = XCBuildConfiguration;
			buildSettings = {
				ALWAYS_EMBED_SWIFT_STANDARD_LIBRARIES = YES;
				CODE_SIGN_STYLE = Automatic;
				DEVELOPMENT_TEAM = B4S4333JDW;
				INFOPLIST_FILE = WWDC2019SandboxUITests/Info.plist;
				LD_RUNPATH_SEARCH_PATHS = (
					"$(inherited)",
					"@executable_path/Frameworks",
					"@loader_path/Frameworks",
				);
				PRODUCT_BUNDLE_IDENTIFIER = dev.touyou.WWDC2019SandboxUITests;
				PRODUCT_NAME = "$(TARGET_NAME)";
				SWIFT_VERSION = 5.0;
				TARGETED_DEVICE_FAMILY = "1,2";
				TEST_TARGET_NAME = WWDC2019Sandbox;
			};
			name = Debug;
		};
		4658F93B22A60424000F2A1D /* Release */ = {
			isa = XCBuildConfiguration;
			buildSettings = {
				ALWAYS_EMBED_SWIFT_STANDARD_LIBRARIES = YES;
				CODE_SIGN_STYLE = Automatic;
				DEVELOPMENT_TEAM = B4S4333JDW;
				INFOPLIST_FILE = WWDC2019SandboxUITests/Info.plist;
				LD_RUNPATH_SEARCH_PATHS = (
					"$(inherited)",
					"@executable_path/Frameworks",
					"@loader_path/Frameworks",
				);
				PRODUCT_BUNDLE_IDENTIFIER = dev.touyou.WWDC2019SandboxUITests;
				PRODUCT_NAME = "$(TARGET_NAME)";
				SWIFT_VERSION = 5.0;
				TARGETED_DEVICE_FAMILY = "1,2";
				TEST_TARGET_NAME = WWDC2019Sandbox;
			};
			name = Release;
		};
/* End XCBuildConfiguration section */

/* Begin XCConfigurationList section */
		4658F90122A60422000F2A1D /* Build configuration list for PBXProject "WWDC2019Sandbox" */ = {
			isa = XCConfigurationList;
			buildConfigurations = (
				4658F93122A60424000F2A1D /* Debug */,
				4658F93222A60424000F2A1D /* Release */,
			);
			defaultConfigurationIsVisible = 0;
			defaultConfigurationName = Release;
		};
		4658F93322A60424000F2A1D /* Build configuration list for PBXNativeTarget "WWDC2019Sandbox" */ = {
			isa = XCConfigurationList;
			buildConfigurations = (
				4658F93422A60424000F2A1D /* Debug */,
				4658F93522A60424000F2A1D /* Release */,
			);
			defaultConfigurationIsVisible = 0;
			defaultConfigurationName = Release;
		};
		4658F93622A60424000F2A1D /* Build configuration list for PBXNativeTarget "WWDC2019SandboxTests" */ = {
			isa = XCConfigurationList;
			buildConfigurations = (
				4658F93722A60424000F2A1D /* Debug */,
				4658F93822A60424000F2A1D /* Release */,
			);
			defaultConfigurationIsVisible = 0;
			defaultConfigurationName = Release;
		};
		4658F93922A60424000F2A1D /* Build configuration list for PBXNativeTarget "WWDC2019SandboxUITests" */ = {
			isa = XCConfigurationList;
			buildConfigurations = (
				4658F93A22A60424000F2A1D /* Debug */,
				4658F93B22A60424000F2A1D /* Release */,
			);
			defaultConfigurationIsVisible = 0;
			defaultConfigurationName = Release;
		};
/* End XCConfigurationList section */

/* Begin XCVersionGroup section */
		4658F90D22A60422000F2A1D /* WWDC2019Sandbox.xcdatamodeld */ = {
			isa = XCVersionGroup;
			children = (
				4658F90E22A60422000F2A1D /* WWDC2019Sandbox.xcdatamodel */,
			);
			currentVersion = 4658F90E22A60422000F2A1D /* WWDC2019Sandbox.xcdatamodel */;
			path = WWDC2019Sandbox.xcdatamodeld;
			sourceTree = "<group>";
			versionGroupType = wrapper.xcdatamodel;
		};
/* End XCVersionGroup section */
	};
	rootObject = 4658F8FE22A60422000F2A1D /* Project object */;
}
